// !$*UTF8*$!
{
	archiveVersion = 1;
	classes = {
	};
	objectVersion = 55;
	objects = {

/* Begin PBXBuildFile section */
		F1D22D3D279172EB009092AB /* AppDelegate.swift in Sources */ = {isa = PBXBuildFile; fileRef = F1D22D3C279172EB009092AB /* AppDelegate.swift */; };
		F1D22D3F279172EB009092AB /* SceneDelegate.swift in Sources */ = {isa = PBXBuildFile; fileRef = F1D22D3E279172EB009092AB /* SceneDelegate.swift */; };
		F1D22D46279172EC009092AB /* Assets.xcassets in Resources */ = {isa = PBXBuildFile; fileRef = F1D22D45279172EC009092AB /* Assets.xcassets */; };
		F1D22D49279172EC009092AB /* LaunchScreen.storyboard in Resources */ = {isa = PBXBuildFile; fileRef = F1D22D47279172EC009092AB /* LaunchScreen.storyboard */; };
		F1D22D5127917CFF009092AB /* SearchVC.swift in Sources */ = {isa = PBXBuildFile; fileRef = F1D22D5027917CFF009092AB /* SearchVC.swift */; };
		F1D22D5327917D47009092AB /* FavoritesListVC.swift in Sources */ = {isa = PBXBuildFile; fileRef = F1D22D5227917D47009092AB /* FavoritesListVC.swift */; };
		F1D22D552795183D009092AB /* GFButton.swift in Sources */ = {isa = PBXBuildFile; fileRef = F1D22D542795183D009092AB /* GFButton.swift */; };
		F1D22D5727951BF3009092AB /* GFTextField.swift in Sources */ = {isa = PBXBuildFile; fileRef = F1D22D5627951BF3009092AB /* GFTextField.swift */; };
		F1D22D5927953D1E009092AB /* FollowerListVC.swift in Sources */ = {isa = PBXBuildFile; fileRef = F1D22D5827953D1E009092AB /* FollowerListVC.swift */; };
		F1D22D5B2795430D009092AB /* StringExt.swift in Sources */ = {isa = PBXBuildFile; fileRef = F1D22D5A2795430D009092AB /* StringExt.swift */; };
		F1D22D5D27954982009092AB /* GFTitleLabel.swift in Sources */ = {isa = PBXBuildFile; fileRef = F1D22D5C27954982009092AB /* GFTitleLabel.swift */; };
		F1D22D5F27954B19009092AB /* GFBodyLabel.swift in Sources */ = {isa = PBXBuildFile; fileRef = F1D22D5E27954B19009092AB /* GFBodyLabel.swift */; };
		F1D22D6127954BD2009092AB /* GFAlertVC.swift in Sources */ = {isa = PBXBuildFile; fileRef = F1D22D6027954BD2009092AB /* GFAlertVC.swift */; };
		F1D22D6327955626009092AB /* UIVoewControllerExt.swift in Sources */ = {isa = PBXBuildFile; fileRef = F1D22D6227955626009092AB /* UIVoewControllerExt.swift */; };
/* End PBXBuildFile section */

/* Begin PBXFileReference section */
		F1D22D39279172EB009092AB /* GHFollowers.app */ = {isa = PBXFileReference; explicitFileType = wrapper.application; includeInIndex = 0; path = GHFollowers.app; sourceTree = BUILT_PRODUCTS_DIR; };
		F1D22D3C279172EB009092AB /* AppDelegate.swift */ = {isa = PBXFileReference; lastKnownFileType = sourcecode.swift; path = AppDelegate.swift; sourceTree = "<group>"; };
		F1D22D3E279172EB009092AB /* SceneDelegate.swift */ = {isa = PBXFileReference; lastKnownFileType = sourcecode.swift; path = SceneDelegate.swift; sourceTree = "<group>"; };
		F1D22D45279172EC009092AB /* Assets.xcassets */ = {isa = PBXFileReference; lastKnownFileType = folder.assetcatalog; path = Assets.xcassets; sourceTree = "<group>"; };
		F1D22D48279172EC009092AB /* Base */ = {isa = PBXFileReference; lastKnownFileType = file.storyboard; name = Base; path = Base.lproj/LaunchScreen.storyboard; sourceTree = "<group>"; };
		F1D22D4A279172EC009092AB /* Info.plist */ = {isa = PBXFileReference; lastKnownFileType = text.plist.xml; path = Info.plist; sourceTree = "<group>"; };
		F1D22D5027917CFF009092AB /* SearchVC.swift */ = {isa = PBXFileReference; lastKnownFileType = sourcecode.swift; path = SearchVC.swift; sourceTree = "<group>"; };
		F1D22D5227917D47009092AB /* FavoritesListVC.swift */ = {isa = PBXFileReference; lastKnownFileType = sourcecode.swift; path = FavoritesListVC.swift; sourceTree = "<group>"; };
		F1D22D542795183D009092AB /* GFButton.swift */ = {isa = PBXFileReference; lastKnownFileType = sourcecode.swift; path = GFButton.swift; sourceTree = "<group>"; };
		F1D22D5627951BF3009092AB /* GFTextField.swift */ = {isa = PBXFileReference; lastKnownFileType = sourcecode.swift; path = GFTextField.swift; sourceTree = "<group>"; };
		F1D22D5827953D1E009092AB /* FollowerListVC.swift */ = {isa = PBXFileReference; lastKnownFileType = sourcecode.swift; path = FollowerListVC.swift; sourceTree = "<group>"; };
		F1D22D5A2795430D009092AB /* StringExt.swift */ = {isa = PBXFileReference; lastKnownFileType = sourcecode.swift; path = StringExt.swift; sourceTree = "<group>"; };
		F1D22D5C27954982009092AB /* GFTitleLabel.swift */ = {isa = PBXFileReference; lastKnownFileType = sourcecode.swift; path = GFTitleLabel.swift; sourceTree = "<group>"; };
		F1D22D5E27954B19009092AB /* GFBodyLabel.swift */ = {isa = PBXFileReference; lastKnownFileType = sourcecode.swift; path = GFBodyLabel.swift; sourceTree = "<group>"; };
		F1D22D6027954BD2009092AB /* GFAlertVC.swift */ = {isa = PBXFileReference; lastKnownFileType = sourcecode.swift; path = GFAlertVC.swift; sourceTree = "<group>"; };
		F1D22D6227955626009092AB /* UIVoewControllerExt.swift */ = {isa = PBXFileReference; lastKnownFileType = sourcecode.swift; path = UIVoewControllerExt.swift; sourceTree = "<group>"; };
/* End PBXFileReference section */

/* Begin PBXFrameworksBuildPhase section */
		F1D22D36279172EB009092AB /* Frameworks */ = {
			isa = PBXFrameworksBuildPhase;
			buildActionMask = 2147483647;
			files = (
			);
			runOnlyForDeploymentPostprocessing = 0;
		};
/* End PBXFrameworksBuildPhase section */

/* Begin PBXGroup section */
		F1D22D30279172EB009092AB = {
			isa = PBXGroup;
			children = (
				F1D22D3B279172EB009092AB /* GHFollowers */,
				F1D22D3A279172EB009092AB /* Products */,
			);
			sourceTree = "<group>";
		};
		F1D22D3A279172EB009092AB /* Products */ = {
			isa = PBXGroup;
			children = (
				F1D22D39279172EB009092AB /* GHFollowers.app */,
			);
			name = Products;
			sourceTree = "<group>";
		};
		F1D22D3B279172EB009092AB /* GHFollowers */ = {
			isa = PBXGroup;
			children = (
				F1D22D6527955B72009092AB /* Utilities */,
				F1D22D6727955B90009092AB /* Custom Views */,
				F1D22D6427955B17009092AB /* Screens */,
				F1D22D6827955C4F009092AB /* Support */,
				F1D22D4A279172EC009092AB /* Info.plist */,
			);
			path = GHFollowers;
			sourceTree = "<group>";
		};
		F1D22D6427955B17009092AB /* Screens */ = {
			isa = PBXGroup;
			children = (
				F1D22D5027917CFF009092AB /* SearchVC.swift */,
				F1D22D5227917D47009092AB /* FavoritesListVC.swift */,
				F1D22D5827953D1E009092AB /* FollowerListVC.swift */,
			);
			path = Screens;
			sourceTree = "<group>";
		};
		F1D22D6527955B72009092AB /* Utilities */ = {
			isa = PBXGroup;
			children = (
				F1D22D6627955B7D009092AB /* Extension */,
			);
			path = Utilities;
			sourceTree = "<group>";
		};
		F1D22D6627955B7D009092AB /* Extension */ = {
			isa = PBXGroup;
			children = (
				F1D22D6227955626009092AB /* UIVoewControllerExt.swift */,
				F1D22D5A2795430D009092AB /* StringExt.swift */,
			);
			path = Extension;
			sourceTree = "<group>";
		};
		F1D22D6727955B90009092AB /* Custom Views */ = {
			isa = PBXGroup;
			children = (
				F1D22D6027954BD2009092AB /* GFAlertVC.swift */,
				F1D22D542795183D009092AB /* GFButton.swift */,
				F1D22D5627951BF3009092AB /* GFTextField.swift */,
				F1D22D5C27954982009092AB /* GFTitleLabel.swift */,
				F1D22D5E27954B19009092AB /* GFBodyLabel.swift */,
			);
			path = "Custom Views";
			sourceTree = "<group>";
		};
		F1D22D6827955C4F009092AB /* Support */ = {
			isa = PBXGroup;
			children = (
				F1D22D3C279172EB009092AB /* AppDelegate.swift */,
				F1D22D3E279172EB009092AB /* SceneDelegate.swift */,
				F1D22D45279172EC009092AB /* Assets.xcassets */,
				F1D22D47279172EC009092AB /* LaunchScreen.storyboard */,
			);
			path = Support;
			sourceTree = "<group>";
		};
/* End PBXGroup section */

/* Begin PBXNativeTarget section */
		F1D22D38279172EB009092AB /* GHFollowers */ = {
			isa = PBXNativeTarget;
			buildConfigurationList = F1D22D4D279172EC009092AB /* Build configuration list for PBXNativeTarget "GHFollowers" */;
			buildPhases = (
				F1D22D35279172EB009092AB /* Sources */,
				F1D22D36279172EB009092AB /* Frameworks */,
				F1D22D37279172EB009092AB /* Resources */,
			);
			buildRules = (
			);
			dependencies = (
			);
			name = GHFollowers;
			productName = GHFollowers;
			productReference = F1D22D39279172EB009092AB /* GHFollowers.app */;
			productType = "com.apple.product-type.application";
		};
/* End PBXNativeTarget section */

/* Begin PBXProject section */
		F1D22D31279172EB009092AB /* Project object */ = {
			isa = PBXProject;
			attributes = {
				BuildIndependentTargetsInParallel = 1;
				LastSwiftUpdateCheck = 1320;
				LastUpgradeCheck = 1320;
				TargetAttributes = {
					F1D22D38279172EB009092AB = {
						CreatedOnToolsVersion = 13.2.1;
					};
				};
			};
			buildConfigurationList = F1D22D34279172EB009092AB /* Build configuration list for PBXProject "GHFollowers" */;
			compatibilityVersion = "Xcode 13.0";
			developmentRegion = en;
			hasScannedForEncodings = 0;
			knownRegions = (
				en,
				Base,
			);
			mainGroup = F1D22D30279172EB009092AB;
			productRefGroup = F1D22D3A279172EB009092AB /* Products */;
			projectDirPath = "";
			projectRoot = "";
			targets = (
				F1D22D38279172EB009092AB /* GHFollowers */,
			);
		};
/* End PBXProject section */

/* Begin PBXResourcesBuildPhase section */
		F1D22D37279172EB009092AB /* Resources */ = {
			isa = PBXResourcesBuildPhase;
			buildActionMask = 2147483647;
			files = (
				F1D22D49279172EC009092AB /* LaunchScreen.storyboard in Resources */,
				F1D22D46279172EC009092AB /* Assets.xcassets in Resources */,
			);
			runOnlyForDeploymentPostprocessing = 0;
		};
/* End PBXResourcesBuildPhase section */

/* Begin PBXSourcesBuildPhase section */
		F1D22D35279172EB009092AB /* Sources */ = {
			isa = PBXSourcesBuildPhase;
			buildActionMask = 2147483647;
			files = (
				F1D22D5727951BF3009092AB /* GFTextField.swift in Sources */,
				F1D22D5327917D47009092AB /* FavoritesListVC.swift in Sources */,
				F1D22D5B2795430D009092AB /* StringExt.swift in Sources */,
				F1D22D552795183D009092AB /* GFButton.swift in Sources */,
				F1D22D5127917CFF009092AB /* SearchVC.swift in Sources */,
				F1D22D6127954BD2009092AB /* GFAlertVC.swift in Sources */,
				F1D22D5927953D1E009092AB /* FollowerListVC.swift in Sources */,
				F1D22D5D27954982009092AB /* GFTitleLabel.swift in Sources */,
				F1D22D6327955626009092AB /* UIVoewControllerExt.swift in Sources */,
				F1D22D3D279172EB009092AB /* AppDelegate.swift in Sources */,
				F1D22D3F279172EB009092AB /* SceneDelegate.swift in Sources */,
				F1D22D5F27954B19009092AB /* GFBodyLabel.swift in Sources */,
			);
			runOnlyForDeploymentPostprocessing = 0;
		};
/* End PBXSourcesBuildPhase section */

/* Begin PBXVariantGroup section */
		F1D22D47279172EC009092AB /* LaunchScreen.storyboard */ = {
			isa = PBXVariantGroup;
			children = (
				F1D22D48279172EC009092AB /* Base */,
			);
			name = LaunchScreen.storyboard;
			sourceTree = "<group>";
		};
/* End PBXVariantGroup section */

/* Begin XCBuildConfiguration section */
		F1D22D4B279172EC009092AB /* Debug */ = {
			isa = XCBuildConfiguration;
			buildSettings = {
				ALWAYS_SEARCH_USER_PATHS = NO;
				CLANG_ANALYZER_NONNULL = YES;
				CLANG_ANALYZER_NUMBER_OBJECT_CONVERSION = YES_AGGRESSIVE;
				CLANG_CXX_LANGUAGE_STANDARD = "gnu++17";
				CLANG_CXX_LIBRARY = "libc++";
				CLANG_ENABLE_MODULES = YES;
				CLANG_ENABLE_OBJC_ARC = YES;
				CLANG_ENABLE_OBJC_WEAK = YES;
				CLANG_WARN_BLOCK_CAPTURE_AUTORELEASING = YES;
				CLANG_WARN_BOOL_CONVERSION = YES;
				CLANG_WARN_COMMA = YES;
				CLANG_WARN_CONSTANT_CONVERSION = YES;
				CLANG_WARN_DEPRECATED_OBJC_IMPLEMENTATIONS = YES;
				CLANG_WARN_DIRECT_OBJC_ISA_USAGE = YES_ERROR;
				CLANG_WARN_DOCUMENTATION_COMMENTS = YES;
				CLANG_WARN_EMPTY_BODY = YES;
				CLANG_WARN_ENUM_CONVERSION = YES;
				CLANG_WARN_INFINITE_RECURSION = YES;
				CLANG_WARN_INT_CONVERSION = YES;
				CLANG_WARN_NON_LITERAL_NULL_CONVERSION = YES;
				CLANG_WARN_OBJC_IMPLICIT_RETAIN_SELF = YES;
				CLANG_WARN_OBJC_LITERAL_CONVERSION = YES;
				CLANG_WARN_OBJC_ROOT_CLASS = YES_ERROR;
				CLANG_WARN_QUOTED_INCLUDE_IN_FRAMEWORK_HEADER = YES;
				CLANG_WARN_RANGE_LOOP_ANALYSIS = YES;
				CLANG_WARN_STRICT_PROTOTYPES = YES;
				CLANG_WARN_SUSPICIOUS_MOVE = YES;
				CLANG_WARN_UNGUARDED_AVAILABILITY = YES_AGGRESSIVE;
				CLANG_WARN_UNREACHABLE_CODE = YES;
				CLANG_WARN__DUPLICATE_METHOD_MATCH = YES;
				COPY_PHASE_STRIP = NO;
				DEBUG_INFORMATION_FORMAT = dwarf;
				ENABLE_STRICT_OBJC_MSGSEND = YES;
				ENABLE_TESTABILITY = YES;
				GCC_C_LANGUAGE_STANDARD = gnu11;
				GCC_DYNAMIC_NO_PIC = NO;
				GCC_NO_COMMON_BLOCKS = YES;
				GCC_OPTIMIZATION_LEVEL = 0;
				GCC_PREPROCESSOR_DEFINITIONS = (
					"DEBUG=1",
					"$(inherited)",
				);
				GCC_WARN_64_TO_32_BIT_CONVERSION = YES;
				GCC_WARN_ABOUT_RETURN_TYPE = YES_ERROR;
				GCC_WARN_UNDECLARED_SELECTOR = YES;
				GCC_WARN_UNINITIALIZED_AUTOS = YES_AGGRESSIVE;
				GCC_WARN_UNUSED_FUNCTION = YES;
				GCC_WARN_UNUSED_VARIABLE = YES;
				IPHONEOS_DEPLOYMENT_TARGET = 15.2;
				MTL_ENABLE_DEBUG_INFO = INCLUDE_SOURCE;
				MTL_FAST_MATH = YES;
				ONLY_ACTIVE_ARCH = YES;
				SDKROOT = iphoneos;
				SWIFT_ACTIVE_COMPILATION_CONDITIONS = DEBUG;
				SWIFT_OPTIMIZATION_LEVEL = "-Onone";
			};
			name = Debug;
		};
		F1D22D4C279172EC009092AB /* Release */ = {
			isa = XCBuildConfiguration;
			buildSettings = {
				ALWAYS_SEARCH_USER_PATHS = NO;
				CLANG_ANALYZER_NONNULL = YES;
				CLANG_ANALYZER_NUMBER_OBJECT_CONVERSION = YES_AGGRESSIVE;
				CLANG_CXX_LANGUAGE_STANDARD = "gnu++17";
				CLANG_CXX_LIBRARY = "libc++";
				CLANG_ENABLE_MODULES = YES;
				CLANG_ENABLE_OBJC_ARC = YES;
				CLANG_ENABLE_OBJC_WEAK = YES;
				CLANG_WARN_BLOCK_CAPTURE_AUTORELEASING = YES;
				CLANG_WARN_BOOL_CONVERSION = YES;
				CLANG_WARN_COMMA = YES;
				CLANG_WARN_CONSTANT_CONVERSION = YES;
				CLANG_WARN_DEPRECATED_OBJC_IMPLEMENTATIONS = YES;
				CLANG_WARN_DIRECT_OBJC_ISA_USAGE = YES_ERROR;
				CLANG_WARN_DOCUMENTATION_COMMENTS = YES;
				CLANG_WARN_EMPTY_BODY = YES;
				CLANG_WARN_ENUM_CONVERSION = YES;
				CLANG_WARN_INFINITE_RECURSION = YES;
				CLANG_WARN_INT_CONVERSION = YES;
				CLANG_WARN_NON_LITERAL_NULL_CONVERSION = YES;
				CLANG_WARN_OBJC_IMPLICIT_RETAIN_SELF = YES;
				CLANG_WARN_OBJC_LITERAL_CONVERSION = YES;
				CLANG_WARN_OBJC_ROOT_CLASS = YES_ERROR;
				CLANG_WARN_QUOTED_INCLUDE_IN_FRAMEWORK_HEADER = YES;
				CLANG_WARN_RANGE_LOOP_ANALYSIS = YES;
				CLANG_WARN_STRICT_PROTOTYPES = YES;
				CLANG_WARN_SUSPICIOUS_MOVE = YES;
				CLANG_WARN_UNGUARDED_AVAILABILITY = YES_AGGRESSIVE;
				CLANG_WARN_UNREACHABLE_CODE = YES;
				CLANG_WARN__DUPLICATE_METHOD_MATCH = YES;
				COPY_PHASE_STRIP = NO;
				DEBUG_INFORMATION_FORMAT = "dwarf-with-dsym";
				ENABLE_NS_ASSERTIONS = NO;
				ENABLE_STRICT_OBJC_MSGSEND = YES;
				GCC_C_LANGUAGE_STANDARD = gnu11;
				GCC_NO_COMMON_BLOCKS = YES;
				GCC_WARN_64_TO_32_BIT_CONVERSION = YES;
				GCC_WARN_ABOUT_RETURN_TYPE = YES_ERROR;
				GCC_WARN_UNDECLARED_SELECTOR = YES;
				GCC_WARN_UNINITIALIZED_AUTOS = YES_AGGRESSIVE;
				GCC_WARN_UNUSED_FUNCTION = YES;
				GCC_WARN_UNUSED_VARIABLE = YES;
				IPHONEOS_DEPLOYMENT_TARGET = 15.2;
				MTL_ENABLE_DEBUG_INFO = NO;
				MTL_FAST_MATH = YES;
				SDKROOT = iphoneos;
				SWIFT_COMPILATION_MODE = wholemodule;
				SWIFT_OPTIMIZATION_LEVEL = "-O";
				VALIDATE_PRODUCT = YES;
			};
			name = Release;
		};
		F1D22D4E279172EC009092AB /* Debug */ = {
			isa = XCBuildConfiguration;
			buildSettings = {
				ASSETCATALOG_COMPILER_APPICON_NAME = AppIcon;
				ASSETCATALOG_COMPILER_GLOBAL_ACCENT_COLOR_NAME = AccentColor;
				CODE_SIGN_STYLE = Automatic;
				CURRENT_PROJECT_VERSION = 1;
				DEVELOPMENT_TEAM = 8AQ8QZ429U;
				GENERATE_INFOPLIST_FILE = YES;
				INFOPLIST_FILE = GHFollowers/Info.plist;
				INFOPLIST_KEY_UIApplicationSupportsIndirectInputEvents = YES;
				INFOPLIST_KEY_UILaunchStoryboardName = LaunchScreen;
				INFOPLIST_KEY_UISupportedInterfaceOrientations = UIInterfaceOrientationPortrait;
				INFOPLIST_KEY_UISupportedInterfaceOrientations_iPad = "UIInterfaceOrientationPortrait UIInterfaceOrientationPortraitUpsideDown UIInterfaceOrientationLandscapeLeft UIInterfaceOrientationLandscapeRight";
				INFOPLIST_KEY_UISupportedInterfaceOrientations_iPhone = "UIInterfaceOrientationPortrait UIInterfaceOrientationLandscapeLeft UIInterfaceOrientationLandscapeRight";
				IPHONEOS_DEPLOYMENT_TARGET = 15.0;
				LD_RUNPATH_SEARCH_PATHS = (
					"$(inherited)",
					"@executable_path/Frameworks",
				);
				MARKETING_VERSION = 1.0;
				PRODUCT_BUNDLE_IDENTIFIER = com.hengjay.GHFollowers;
				PRODUCT_NAME = "$(TARGET_NAME)";
				SWIFT_EMIT_LOC_STRINGS = YES;
				SWIFT_VERSION = 5.0;
				TARGETED_DEVICE_FAMILY = 1;
			};
			name = Debug;
		};
		F1D22D4F279172EC009092AB /* Release */ = {
			isa = XCBuildConfiguration;
			buildSettings = {
				ASSETCATALOG_COMPILER_APPICON_NAME = AppIcon;
				ASSETCATALOG_COMPILER_GLOBAL_ACCENT_COLOR_NAME = AccentColor;
				CODE_SIGN_STYLE = Automatic;
				CURRENT_PROJECT_VERSION = 1;
				DEVELOPMENT_TEAM = 8AQ8QZ429U;
				GENERATE_INFOPLIST_FILE = YES;
				INFOPLIST_FILE = GHFollowers/Info.plist;
				INFOPLIST_KEY_UIApplicationSupportsIndirectInputEvents = YES;
				INFOPLIST_KEY_UILaunchStoryboardName = LaunchScreen;
				INFOPLIST_KEY_UISupportedInterfaceOrientations = UIInterfaceOrientationPortrait;
				INFOPLIST_KEY_UISupportedInterfaceOrientations_iPad = "UIInterfaceOrientationPortrait UIInterfaceOrientationPortraitUpsideDown UIInterfaceOrientationLandscapeLeft UIInterfaceOrientationLandscapeRight";
				INFOPLIST_KEY_UISupportedInterfaceOrientations_iPhone = "UIInterfaceOrientationPortrait UIInterfaceOrientationLandscapeLeft UIInterfaceOrientationLandscapeRight";
				IPHONEOS_DEPLOYMENT_TARGET = 15.0;
				LD_RUNPATH_SEARCH_PATHS = (
					"$(inherited)",
					"@executable_path/Frameworks",
				);
				MARKETING_VERSION = 1.0;
				PRODUCT_BUNDLE_IDENTIFIER = com.hengjay.GHFollowers;
				PRODUCT_NAME = "$(TARGET_NAME)";
				SWIFT_EMIT_LOC_STRINGS = YES;
				SWIFT_VERSION = 5.0;
				TARGETED_DEVICE_FAMILY = 1;
			};
			name = Release;
		};
/* End XCBuildConfiguration section */

/* Begin XCConfigurationList section */
		F1D22D34279172EB009092AB /* Build configuration list for PBXProject "GHFollowers" */ = {
			isa = XCConfigurationList;
			buildConfigurations = (
				F1D22D4B279172EC009092AB /* Debug */,
				F1D22D4C279172EC009092AB /* Release */,
			);
			defaultConfigurationIsVisible = 0;
			defaultConfigurationName = Release;
		};
		F1D22D4D279172EC009092AB /* Build configuration list for PBXNativeTarget "GHFollowers" */ = {
			isa = XCConfigurationList;
			buildConfigurations = (
				F1D22D4E279172EC009092AB /* Debug */,
				F1D22D4F279172EC009092AB /* Release */,
			);
			defaultConfigurationIsVisible = 0;
			defaultConfigurationName = Release;
		};
/* End XCConfigurationList section */
	};
	rootObject = F1D22D31279172EB009092AB /* Project object */;
}
